{
  "version": 4,
  "terraform_version": "1.0.10",
  "serial": 1,
  "lineage": "5f7a25d2-1de5-8eb1-7553-70c3e8e31f5f",
  "outputs": {},
  "resources": [
    {
      "mode": "managed",
      "type": "google_container_cluster",
      "name": "primary",
      "provider": "provider[\"registry.terraform.io/hashicorp/google\"]",
      "instances": [
        {
          "schema_version": 1,
          "attributes": {
            "addons_config": [
              {
                "cloudrun_config": [],
                "horizontal_pod_autoscaling": [],
                "http_load_balancing": [],
                "network_policy_config": [
                  {
                    "disabled": true
                  }
                ]
              }
            ],
            "authenticator_groups_config": [],
            "cluster_autoscaling": [
              {
                "auto_provisioning_defaults": [],
                "enabled": false,
                "resource_limits": []
              }
            ],
            "cluster_ipv4_cidr": "10.0.0.0/14",
            "confidential_nodes": [],
            "database_encryption": [
              {
                "key_name": "",
                "state": "DECRYPTED"
              }
            ],
            "datapath_provider": "",
            "default_max_pods_per_node": null,
            "default_snat_status": [
              {
                "disabled": false
              }
            ],
            "description": "",
            "enable_autopilot": false,
            "enable_binary_authorization": false,
            "enable_intranode_visibility": false,
            "enable_kubernetes_alpha": false,
            "enable_legacy_abac": false,
            "enable_shielded_nodes": true,
            "enable_tpu": false,
            "endpoint": "35.188.214.212",
            "id": "projects/fluid-house-332216/locations/us-central1/clusters/gke-test-cluster",
            "initial_node_count": 1,
            "ip_allocation_policy": [],
            "label_fingerprint": "a9dc16a7",
            "location": "us-central1",
            "logging_config": [
              {
                "enable_components": [
                  "SYSTEM_COMPONENTS",
                  "WORKLOADS"
                ]
              }
            ],
            "logging_service": "logging.googleapis.com/kubernetes",
            "maintenance_policy": [],
            "master_auth": [
              {
                "client_certificate": "",
                "client_certificate_config": [
                  {
                    "issue_client_certificate": false
                  }
                ],
                "client_key": "",
                "cluster_ca_certificate": "LS0tLS1CRUdJTiBDRVJUSUZJQ0FURS0tLS0tCk1JSUVMRENDQXBTZ0F3SUJBZ0lRTmliaUgrWEZ4OWdoQnlOVFkxeHZRakFOQmdrcWhraUc5dzBCQVFzRkFEQXYKTVMwd0t3WURWUVFERXlSaE1qSTBZemd3TlMweU1tTmxMVFJpTUdJdE9ESTJOaTFrWTJObU9EZ3haV1pqWlRjdwpJQmNOTWpFeE1URTRNRGt4T0RRNVdoZ1BNakExTVRFeE1URXhNREU0TkRsYU1DOHhMVEFyQmdOVkJBTVRKR0V5Ck1qUmpPREExTFRJeVkyVXROR0l3WWkwNE1qWTJMV1JqWTJZNE9ERmxabU5sTnpDQ0FhSXdEUVlKS29aSWh2Y04KQVFFQkJRQURnZ0dQQURDQ0FZb0NnZ0dCQUtzOWV3RUY5V29wMDVudDJFTUxDNStxa0hUazNiblFXKy9nWGg3TworMGhOb0FrbXNVL3YxUnU5THlzS2J1QWF6LzBhL2hzME5qQ1dZVjcyM1ljdTJuaEUvN0dTdW56L3dLRTRqSGhZCkVoeVRjODJUWDJMRm4yaExKQmlESlNZR0l3RkFmTzltbzhsekJjVzc2RVQ1NjNzVEdyN1dDZ2RaWHE5cTJ4aG8KNFlEVkVCc3hWbTBKNDNoV2dnZVFvTHMzdDk1M3NKVXVtdmV4ZGxvQ2VXcCtPaWxvQjRlelZESEhKNE9VYUJIMgpaTEljTEhLeXJobmNiYjJXbkdiL2JwMU4ydmsrL3NaWGN0TGF2aHhvSEdPU3cyNDRGeGZSSmhjQ24rM1VjSEsyCkJzZG9WRGk4eStNSWRNVkhqR1ZHSnhRbzhXRTZ1S1Axb0xGRjlVWVhRYkQwcjE3T1ArTTFJckUwUmhYVGZQWEsKSmxIL3ZxelVHU1l5Zzk0bHVKUjhIcm5qMzhjRUcySGtFNk9sQ1V4S3huMG0rVURBb0RaOFFmbXFtelBvZENnbApyMytjSGVFNnV0K2xtRDZLdUFCWFRDUlNFTXV4VGpXbG1CckRUcnRkdzZUZEl2UkJ1NHZyNmJWYTBpdHg0NXVxCmEzQ2tFOU5QajJ3SUsxOGFHY0JPSWpoV053SURBUUFCbzBJd1FEQU9CZ05WSFE4QkFmOEVCQU1DQWdRd0R3WUQKVlIwVEFRSC9CQVV3QXdFQi96QWRCZ05WSFE0RUZnUVVIRi9VQm81MElDOE5MY1hsdm5GeC9jWVBFdmN3RFFZSgpLb1pJaHZjTkFRRUxCUUFEZ2dHQkFGelI1ckxCM1kwelNiRTA0QXlpTGtXaXpXaWZSTjNnZWt6RjkzWTdrUE5UClRNeFRIZG5LVStMRnFiN0lnOHFsTWNuOFAzall3Q0kxMzBjSHh1akIrcDJQdzZLRWpZSHVJRjdYRlkzVHhDK2MKVmNNbWFneHlLQU9sRFVVNm1pMzUyZzdpSUkyOFgwSE5DV2I1eHlVSU5CVEpNQXQvRldTVUdaa2Q3QkovTzRuSAo5blNxdWhoTi8rN0VEbVg0UUp3cXcyNmQ0OWNkTFRwSDY2UFdxQlF5OFBkWW1GemxLRWNoL2NhM1JPZWdNaVRNCmV0ajFHTGdSdzRWbXN1S2xLQkhiNGlJRE14dXZDVjJWNCtiWi9OcG5pWW12QmgrWkJxTXpPS0hCZG9Va2ZVZHgKVGNaVDV2UEZJK0t0WjlFWXNMVTVsSlJIRjB2NU1BVERwOUxGUFJGMFZMZWtGOEVvMDBkZjJoaGJIdGFtYXVrawpXNHRocnpLRmpmV2t4SG5DQTdlOHlDVnQva09tK2VtTEpRTjcya04zRC9WYmRBZzUyVzVzY0NnN2NKU0xvK1BOCi81ZnVlREpxZTJlUUR1SGFVRm9kMlhyaWl3OHZ3bHpyd2FlWnh0aGZZWm9SREo3UUhCTkNHQ0dSSXhSeUUxakkKakR0VExaKy92RmpyK3UvNlBveGtQdz09Ci0tLS0tRU5EIENFUlRJRklDQVRFLS0tLS0K"
              }
            ],
            "master_authorized_networks_config": [],
            "master_version": "1.20.10-gke.1600",
            "min_master_version": null,
            "monitoring_config": [
              {
                "enable_components": [
                  "SYSTEM_COMPONENTS"
                ]
              }
            ],
            "monitoring_service": "monitoring.googleapis.com/kubernetes",
            "name": "gke-test-cluster",
            "network": "projects/fluid-house-332216/global/networks/default",
            "network_policy": [
              {
                "enabled": false,
                "provider": "PROVIDER_UNSPECIFIED"
              }
            ],
            "networking_mode": "ROUTES",
            "node_config": [],
            "node_locations": [
              "us-central1-a",
              "us-central1-b",
              "us-central1-c"
            ],
            "node_pool": [],
            "node_version": "1.20.10-gke.1600",
            "operation": null,
            "private_cluster_config": [],
            "private_ipv6_google_access": "",
            "project": "fluid-house-332216",
            "release_channel": [
              {
                "channel": "REGULAR"
              }
            ],
            "remove_default_node_pool": true,
            "resource_labels": null,
            "resource_usage_export_config": [],
            "self_link": "https://container.googleapis.com/v1/projects/fluid-house-332216/locations/us-central1/clusters/gke-test-cluster",
            "services_ipv4_cidr": "10.3.240.0/20",
            "subnetwork": "projects/fluid-house-332216/regions/us-central1/subnetworks/default",
            "timeouts": null,
            "tpu_ipv4_cidr_block": "",
            "vertical_pod_autoscaling": [],
            "workload_identity_config": []
          },
          "sensitive_attributes": [],
          "private": "eyJlMmJmYjczMC1lY2FhLTExZTYtOGY4OC0zNDM2M2JjN2M0YzAiOnsiY3JlYXRlIjoyNDAwMDAwMDAwMDAwLCJkZWxldGUiOjI0MDAwMDAwMDAwMDAsInJlYWQiOjI0MDAwMDAwMDAwMDAsInVwZGF0ZSI6MzYwMDAwMDAwMDAwMH0sInNjaGVtYV92ZXJzaW9uIjoiMSJ9"
        }
      ]
    }
  ]
}
